
Microsoft Visual Studio Solution File, Format Version 12.00
# Visual Studio Version 16
VisualStudioVersion = 16.0.29911.84
MinimumVisualStudioVersion = 10.0.40219.1
Project("{FAE04EC0-301F-11D3-BF4B-00C04F79EFBC}") = "IdentityServer", "IdentityServer\IdentityServer.csproj", "{EF9F014A-FAB9-442C-989A-FD19770E3019}"
EndProject
Global
	GlobalSection(SolutionConfigurationPlatforms) = preSolution
		Debug|Any CPU = Debug|Any CPU
		Release|Any CPU = Release|Any CPU
	EndGlobalSection
	GlobalSection(ProjectConfigurationPlatforms) = postSolution
		{EF9F014A-FAB9-442C-989A-FD19770E3019}.Debug|Any CPU.ActiveCfg = Debug|Any CPU
		{EF9F014A-FAB9-442C-989A-FD19770E3019}.Debug|Any CPU.Build.0 = Debug|Any CPU
		{EF9F014A-FAB9-442C-989A-FD19770E3019}.Release|Any CPU.ActiveCfg = Release|Any CPU
		{EF9F014A-FAB9-442C-989A-FD19770E3019}.Release|Any CPU.Build.0 = Release|Any CPU
	EndGlobalSection
	GlobalSection(SolutionProperties) = preSolution
		HideSolutionNode = FALSE
	EndGlobalSection
	GlobalSection(ExtensibilityGlobals) = postSolution
		SolutionGuid = {B8FEDFB5-EE11-4925-A0A8-1DE71EBA62E6}
	EndGlobalSection
EndGlobal
